[[package]]
name = "numpy"
version = "1.23.5"
description = "NumPy is the fundamental package for array computing with Python."
category = "main"
optional = false
python-versions = ">=3.8"

[[package]]
name = "pandas"
version = "1.5.2"
description = "Powerful data structures for data analysis, time series, and statistics"
category = "main"
optional = false
python-versions = ">=3.8"

[package.dependencies]
numpy = {version = ">=1.20.3", markers = "python_version < \"3.10\""}
python-dateutil = ">=2.8.1"
pytz = ">=2020.1"

[package.extras]
test = ["hypothesis (>=5.5.3)", "pytest (>=6.0)", "pytest-xdist (>=1.31)"]

[[package]]
name = "protobuf"
version = "4.21.9"
description = ""
category = "main"
optional = false
python-versions = ">=3.7"

[[package]]
name = "python-dateutil"
version = "2.8.2"
description = "Extensions to the standard Python datetime module"
category = "main"
optional = false
python-versions = "!=3.0.*,!=3.1.*,!=3.2.*,>=2.7"

[package.dependencies]
six = ">=1.5"

[[package]]
name = "pytz"
version = "2022.6"
description = "World timezone definitions, modern and historical"
category = "main"
optional = false
python-versions = "*"

[[package]]
name = "six"
version = "1.16.0"
description = "Python 2 and 3 compatibility utilities"
category = "main"
optional = false
python-versions = ">=2.7, !=3.0.*, !=3.1.*, !=3.2.*"

[[package]]
name = "typing-extensions"
version = "4.4.0"
description = "Backported and Experimental Type Hints for Python 3.7+"
category = "main"
optional = false
python-versions = ">=3.7"

[[package]]
name = "whylogs"
version = "1.1.14"
description = "Profile and monitor your ML data pipeline end-to-end"
category = "main"
optional = false
python-versions = ">=3.7.1,<4"

[package.dependencies]
protobuf = ">=3.19.4"
typing-extensions = {version = ">=3.10", markers = "python_version < \"3.11\""}
whylogs-sketching = ">=3.4.1.dev3"

[package.extras]
datasets = ["pandas"]
docs = ["furo (>=2022.3.4,<2023.0.0)", "ipython_genutils (>=0.2.0,<0.3.0)", "myst-parser[sphinx] (>=0.17.2,<0.18.0)", "nbconvert (>=7.0.0,<8.0.0)", "nbsphinx (>=0.8.9,<0.9.0)", "sphinx", "sphinx-autoapi", "sphinx-autobuild (>=2021.3.14,<2022.0.0)", "sphinx-copybutton (>=0.5.0,<0.6.0)", "sphinx-inline-tabs", "sphinxext-opengraph (>=0.6.3,<0.7.0)"]
fugue = ["fugue (>=0.7.3,<0.8.0)"]
gcs = ["google-cloud-storage (>=2.5.0,<3.0.0)"]
image = ["Pillow (>=9.2.0,<10.0.0)"]
mlflow = ["mlflow-skinny (>=1.26.1,<2.0.0)"]
s3 = ["boto3 (>=1.22.13,<2.0.0)"]
spark = ["pyarrow (>=8.0.0,<9.0.0)", "pyspark (>=3.0.0,<4.0.0)"]
viz = ["Pillow (>=9.2.0,<10.0.0)", "ipython", "numpy", "pybars3 (>=0.9,<0.10)", "requests (>=2.27,<3.0)", "scipy (>=1.5)", "whylabs-client (==0.4.0)"]
whylabs = ["requests (>=2.27,<3.0)", "whylabs-client (==0.4.0)"]

[package.source]
type = "file"
url = "whylogs-1.1.14-py3-none-any.whl"

[[package]]
name = "whylogs-sketching"
version = "3.4.1.dev3"
description = "sketching library of whylogs"
category = "main"
optional = false
python-versions = "*"

[metadata]
lock-version = "1.1"
python-versions = "3.8.15"
content-hash = "9d5fe26c723c5e3edb8bcb6521e1b961d900a6cf865cba5951f1c7aa15d39a66"

[metadata.files]
numpy = [
    {file = "numpy-1.23.5-cp310-cp310-macosx_10_9_x86_64.whl", hash = "sha256:9c88793f78fca17da0145455f0d7826bcb9f37da4764af27ac945488116efe63"},
    {file = "numpy-1.23.5-cp310-cp310-macosx_11_0_arm64.whl", hash = "sha256:e9f4c4e51567b616be64e05d517c79a8a22f3606499941d97bb76f2ca59f982d"},
    {file = "numpy-1.23.5-cp310-cp310-manylinux_2_17_aarch64.manylinux2014_aarch64.whl", hash = "sha256:7903ba8ab592b82014713c491f6c5d3a1cde5b4a3bf116404e08f5b52f6daf43"},
    {file = "numpy-1.23.5-cp310-cp310-manylinux_2_17_x86_64.manylinux2014_x86_64.whl", hash = "sha256:5e05b1c973a9f858c74367553e236f287e749465f773328c8ef31abe18f691e1"},
    {file = "numpy-1.23.5-cp310-cp310-win32.whl", hash = "sha256:522e26bbf6377e4d76403826ed689c295b0b238f46c28a7251ab94716da0b280"},
    {file = "numpy-1.23.5-cp310-cp310-win_amd64.whl", hash = "sha256:dbee87b469018961d1ad79b1a5d50c0ae850000b639bcb1b694e9981083243b6"},
    {file = "numpy-1.23.5-cp311-cp311-macosx_10_9_x86_64.whl", hash = "sha256:ce571367b6dfe60af04e04a1834ca2dc5f46004ac1cc756fb95319f64c095a96"},
    {file = "numpy-1.23.5-cp311-cp311-macosx_11_0_arm64.whl", hash = "sha256:56e454c7833e94ec9769fa0f86e6ff8e42ee38ce0ce1fa4cbb747ea7e06d56aa"},
    {file = "numpy-1.23.5-cp311-cp311-manylinux_2_17_aarch64.manylinux2014_aarch64.whl", hash = "sha256:5039f55555e1eab31124a5768898c9e22c25a65c1e0037f4d7c495a45778c9f2"},
    {file = "numpy-1.23.5-cp311-cp311-manylinux_2_17_x86_64.manylinux2014_x86_64.whl", hash = "sha256:58f545efd1108e647604a1b5aa809591ccd2540f468a880bedb97247e72db387"},
    {file = "numpy-1.23.5-cp311-cp311-win32.whl", hash = "sha256:b2a9ab7c279c91974f756c84c365a669a887efa287365a8e2c418f8b3ba73fb0"},
    {file = "numpy-1.23.5-cp311-cp311-win_amd64.whl", hash = "sha256:0cbe9848fad08baf71de1a39e12d1b6310f1d5b2d0ea4de051058e6e1076852d"},
    {file = "numpy-1.23.5-cp38-cp38-macosx_10_9_x86_64.whl", hash = "sha256:f063b69b090c9d918f9df0a12116029e274daf0181df392839661c4c7ec9018a"},
    {file = "numpy-1.23.5-cp38-cp38-macosx_11_0_arm64.whl", hash = "sha256:0aaee12d8883552fadfc41e96b4c82ee7d794949e2a7c3b3a7201e968c7ecab9"},
    {file = "numpy-1.23.5-cp38-cp38-manylinux_2_17_aarch64.manylinux2014_aarch64.whl", hash = "sha256:92c8c1e89a1f5028a4c6d9e3ccbe311b6ba53694811269b992c0b224269e2398"},
    {file = "numpy-1.23.5-cp38-cp38-manylinux_2_17_x86_64.manylinux2014_x86_64.whl", hash = "sha256:d208a0f8729f3fb790ed18a003f3a57895b989b40ea4dce4717e9cf4af62c6bb"},
    {file = "numpy-1.23.5-cp38-cp38-win32.whl", hash = "sha256:06005a2ef6014e9956c09ba07654f9837d9e26696a0470e42beedadb78c11b07"},
    {file = "numpy-1.23.5-cp38-cp38-win_amd64.whl", hash = "sha256:ca51fcfcc5f9354c45f400059e88bc09215fb71a48d3768fb80e357f3b457e1e"},
    {file = "numpy-1.23.5-cp39-cp39-macosx_10_9_x86_64.whl", hash = "sha256:8969bfd28e85c81f3f94eb4a66bc2cf1dbdc5c18efc320af34bffc54d6b1e38f"},
    {file = "numpy-1.23.5-cp39-cp39-macosx_11_0_arm64.whl", hash = "sha256:a7ac231a08bb37f852849bbb387a20a57574a97cfc7b6cabb488a4fc8be176de"},
    {file = "numpy-1.23.5-cp39-cp39-manylinux_2_17_aarch64.manylinux2014_aarch64.whl", hash = "sha256:bf837dc63ba5c06dc8797c398db1e223a466c7ece27a1f7b5232ba3466aafe3d"},
    {file = "numpy-1.23.5-cp39-cp39-manylinux_2_17_x86_64.manylinux2014_x86_64.whl", hash = "sha256:33161613d2269025873025b33e879825ec7b1d831317e68f4f2f0f84ed14c719"},
    {file = "numpy-1.23.5-cp39-cp39-win32.whl", hash = "sha256:af1da88f6bc3d2338ebbf0e22fe487821ea4d8e89053e25fa59d1d79786e7481"},
    {file = "numpy-1.23.5-cp39-cp39-win_amd64.whl", hash = "sha256:09b7847f7e83ca37c6e627682f145856de331049013853f344f37b0c9690e3df"},
    {file = "numpy-1.23.5-pp38-pypy38_pp73-macosx_10_9_x86_64.whl", hash = "sha256:abdde9f795cf292fb9651ed48185503a2ff29be87770c3b8e2a14b0cd7aa16f8"},
    {file = "numpy-1.23.5-pp38-pypy38_pp73-manylinux_2_17_x86_64.manylinux2014_x86_64.whl", hash = "sha256:f9a909a8bae284d46bbfdefbdd4a262ba19d3bc9921b1e76126b1d21c3c34135"},
    {file = "numpy-1.23.5-pp38-pypy38_pp73-win_amd64.whl", hash = "sha256:01dd17cbb340bf0fc23981e52e1d18a9d4050792e8fb8363cecbf066a84b827d"},
    {file = "numpy-1.23.5.tar.gz", hash = "sha256:1b1766d6f397c18153d40015ddfc79ddb715cabadc04d2d228d4e5a8bc4ded1a"},
]
pandas = [
    {file = "pandas-1.5.2-cp310-cp310-macosx_10_9_universal2.whl", hash = "sha256:e9dbacd22555c2d47f262ef96bb4e30880e5956169741400af8b306bbb24a273"},
    {file = "pandas-1.5.2-cp310-cp310-macosx_10_9_x86_64.whl", hash = "sha256:e2b83abd292194f350bb04e188f9379d36b8dfac24dd445d5c87575f3beaf789"},
    {file = "pandas-1.5.2-cp310-cp310-macosx_11_0_arm64.whl", hash = "sha256:2552bffc808641c6eb471e55aa6899fa002ac94e4eebfa9ec058649122db5824"},
    {file = "pandas-1.5.2-cp310-cp310-manylinux_2_17_aarch64.manylinux2014_aarch64.whl", hash = "sha256:1fc87eac0541a7d24648a001d553406f4256e744d92df1df8ebe41829a915028"},
    {file = "pandas-1.5.2-cp310-cp310-manylinux_2_17_x86_64.manylinux2014_x86_64.whl", hash = "sha256:d0d8fd58df5d17ddb8c72a5075d87cd80d71b542571b5f78178fb067fa4e9c72"},
    {file = "pandas-1.5.2-cp310-cp310-win_amd64.whl", hash = "sha256:4aed257c7484d01c9a194d9a94758b37d3d751849c05a0050c087a358c41ad1f"},
    {file = "pandas-1.5.2-cp311-cp311-macosx_10_9_universal2.whl", hash = "sha256:375262829c8c700c3e7cbb336810b94367b9c4889818bbd910d0ecb4e45dc261"},
    {file = "pandas-1.5.2-cp311-cp311-macosx_10_9_x86_64.whl", hash = "sha256:cc3cd122bea268998b79adebbb8343b735a5511ec14efb70a39e7acbc11ccbdc"},
    {file = "pandas-1.5.2-cp311-cp311-macosx_11_0_arm64.whl", hash = "sha256:b4f5a82afa4f1ff482ab8ded2ae8a453a2cdfde2001567b3ca24a4c5c5ca0db3"},
    {file = "pandas-1.5.2-cp311-cp311-manylinux_2_17_aarch64.manylinux2014_aarch64.whl", hash = "sha256:8092a368d3eb7116e270525329a3e5c15ae796ccdf7ccb17839a73b4f5084a39"},
    {file = "pandas-1.5.2-cp311-cp311-manylinux_2_17_x86_64.manylinux2014_x86_64.whl", hash = "sha256:f6257b314fc14958f8122779e5a1557517b0f8e500cfb2bd53fa1f75a8ad0af2"},
    {file = "pandas-1.5.2-cp311-cp311-win_amd64.whl", hash = "sha256:82ae615826da838a8e5d4d630eb70c993ab8636f0eff13cb28aafc4291b632b5"},
    {file = "pandas-1.5.2-cp38-cp38-macosx_10_9_universal2.whl", hash = "sha256:457d8c3d42314ff47cc2d6c54f8fc0d23954b47977b2caed09cd9635cb75388b"},
    {file = "pandas-1.5.2-cp38-cp38-macosx_10_9_x86_64.whl", hash = "sha256:c009a92e81ce836212ce7aa98b219db7961a8b95999b97af566b8dc8c33e9519"},
    {file = "pandas-1.5.2-cp38-cp38-macosx_11_0_arm64.whl", hash = "sha256:71f510b0efe1629bf2f7c0eadb1ff0b9cf611e87b73cd017e6b7d6adb40e2b3a"},
    {file = "pandas-1.5.2-cp38-cp38-manylinux_2_17_aarch64.manylinux2014_aarch64.whl", hash = "sha256:a40dd1e9f22e01e66ed534d6a965eb99546b41d4d52dbdb66565608fde48203f"},
    {file = "pandas-1.5.2-cp38-cp38-manylinux_2_17_x86_64.manylinux2014_x86_64.whl", hash = "sha256:5ae7e989f12628f41e804847a8cc2943d362440132919a69429d4dea1f164da0"},
    {file = "pandas-1.5.2-cp38-cp38-win32.whl", hash = "sha256:530948945e7b6c95e6fa7aa4be2be25764af53fba93fe76d912e35d1c9ee46f5"},
    {file = "pandas-1.5.2-cp38-cp38-win_amd64.whl", hash = "sha256:73f219fdc1777cf3c45fde7f0708732ec6950dfc598afc50588d0d285fddaefc"},
    {file = "pandas-1.5.2-cp39-cp39-macosx_10_9_universal2.whl", hash = "sha256:9608000a5a45f663be6af5c70c3cbe634fa19243e720eb380c0d378666bc7702"},
    {file = "pandas-1.5.2-cp39-cp39-macosx_10_9_x86_64.whl", hash = "sha256:315e19a3e5c2ab47a67467fc0362cb36c7c60a93b6457f675d7d9615edad2ebe"},
    {file = "pandas-1.5.2-cp39-cp39-macosx_11_0_arm64.whl", hash = "sha256:e18bc3764cbb5e118be139b3b611bc3fbc5d3be42a7e827d1096f46087b395eb"},
    {file = "pandas-1.5.2-cp39-cp39-manylinux_2_17_aarch64.manylinux2014_aarch64.whl", hash = "sha256:0183cb04a057cc38fde5244909fca9826d5d57c4a5b7390c0cc3fa7acd9fa883"},
    {file = "pandas-1.5.2-cp39-cp39-manylinux_2_17_x86_64.manylinux2014_x86_64.whl", hash = "sha256:344021ed3e639e017b452aa8f5f6bf38a8806f5852e217a7594417fb9bbfa00e"},
    {file = "pandas-1.5.2-cp39-cp39-win32.whl", hash = "sha256:e7469271497960b6a781eaa930cba8af400dd59b62ec9ca2f4d31a19f2f91090"},
    {file = "pandas-1.5.2-cp39-cp39-win_amd64.whl", hash = "sha256:c218796d59d5abd8780170c937b812c9637e84c32f8271bbf9845970f8c1351f"},
    {file = "pandas-1.5.2.tar.gz", hash = "sha256:220b98d15cee0b2cd839a6358bd1f273d0356bf964c1a1aeb32d47db0215488b"},
]
protobuf = [
    {file = "protobuf-4.21.9-cp310-abi3-win32.whl", hash = "sha256:6e0be9f09bf9b6cf497b27425487706fa48c6d1632ddd94dab1a5fe11a422392"},
    {file = "protobuf-4.21.9-cp310-abi3-win_amd64.whl", hash = "sha256:a7d0ea43949d45b836234f4ebb5ba0b22e7432d065394b532cdca8f98415e3cf"},
    {file = "protobuf-4.21.9-cp37-abi3-macosx_10_9_universal2.whl", hash = "sha256:b5ab0b8918c136345ff045d4b3d5f719b505b7c8af45092d7f45e304f55e50a1"},
    {file = "protobuf-4.21.9-cp37-abi3-manylinux2014_aarch64.whl", hash = "sha256:2c9c2ed7466ad565f18668aa4731c535511c5d9a40c6da39524bccf43e441719"},
    {file = "protobuf-4.21.9-cp37-abi3-manylinux2014_x86_64.whl", hash = "sha256:e575c57dc8b5b2b2caa436c16d44ef6981f2235eb7179bfc847557886376d740"},
    {file = "protobuf-4.21.9-cp37-cp37m-win32.whl", hash = "sha256:9227c14010acd9ae7702d6467b4625b6fe853175a6b150e539b21d2b2f2b409c"},
    {file = "protobuf-4.21.9-cp37-cp37m-win_amd64.whl", hash = "sha256:a419cc95fca8694804709b8c4f2326266d29659b126a93befe210f5bbc772536"},
    {file = "protobuf-4.21.9-cp38-cp38-win32.whl", hash = "sha256:5b0834e61fb38f34ba8840d7dcb2e5a2f03de0c714e0293b3963b79db26de8ce"},
    {file = "protobuf-4.21.9-cp38-cp38-win_amd64.whl", hash = "sha256:84ea107016244dfc1eecae7684f7ce13c788b9a644cd3fca5b77871366556444"},
    {file = "protobuf-4.21.9-cp39-cp39-win32.whl", hash = "sha256:f9eae277dd240ae19bb06ff4e2346e771252b0e619421965504bd1b1bba7c5fa"},
    {file = "protobuf-4.21.9-cp39-cp39-win_amd64.whl", hash = "sha256:6e312e280fbe3c74ea9e080d9e6080b636798b5e3939242298b591064470b06b"},
    {file = "protobuf-4.21.9-py2.py3-none-any.whl", hash = "sha256:7eb8f2cc41a34e9c956c256e3ac766cf4e1a4c9c925dc757a41a01be3e852965"},
    {file = "protobuf-4.21.9-py3-none-any.whl", hash = "sha256:48e2cd6b88c6ed3d5877a3ea40df79d08374088e89bedc32557348848dff250b"},
    {file = "protobuf-4.21.9.tar.gz", hash = "sha256:61f21493d96d2a77f9ca84fefa105872550ab5ef71d21c458eb80edcf4885a99"},
]
python-dateutil = [
    {file = "python-dateutil-2.8.2.tar.gz", hash = "sha256:0123cacc1627ae19ddf3c27a5de5bd67ee4586fbdd6440d9748f8abb483d3e86"},
    {file = "python_dateutil-2.8.2-py2.py3-none-any.whl", hash = "sha256:961d03dc3453ebbc59dbdea9e4e11c5651520a876d0f4db161e8674aae935da9"},
]
pytz = [
    {file = "pytz-2022.6-py2.py3-none-any.whl", hash = "sha256:222439474e9c98fced559f1709d89e6c9cbf8d79c794ff3eb9f8800064291427"},
    {file = "pytz-2022.6.tar.gz", hash = "sha256:e89512406b793ca39f5971bc999cc538ce125c0e51c27941bef4568b460095e2"},
]
six = [
    {file = "six-1.16.0-py2.py3-none-any.whl", hash = "sha256:8abb2f1d86890a2dfb989f9a77cfcfd3e47c2a354b01111771326f8aa26e0254"},
    {file = "six-1.16.0.tar.gz", hash = "sha256:1e61c37477a1626458e36f7b1d82aa5c9b094fa4802892072e49de9c60c4c926"},
]
typing-extensions = [
    {file = "typing_extensions-4.4.0-py3-none-any.whl", hash = "sha256:16fa4864408f655d35ec496218b85f79b3437c829e93320c7c9215ccfd92489e"},
    {file = "typing_extensions-4.4.0.tar.gz", hash = "sha256:1511434bb92bf8dd198c12b1cc812e800d4181cfcb867674e0f8279cc93087aa"},
]
whylogs = [
    {file = "whylogs-1.1.14-py3-none-any.whl", hash = "sha256:7b696c2cd7294a43c3e8777a268bfabd91320b4acf05b00378b20491b2f7a3a9"},
]
whylogs-sketching = [
    {file = "whylogs-sketching-3.4.1.dev3.tar.gz", hash = "sha256:40b90eb9d5e4cbbfa63f6a1f3a3332b72258d270044b79030dc5d720fddd9499"},
    {file = "whylogs_sketching-3.4.1.dev3-cp310-cp310-macosx_10_9_x86_64.whl", hash = "sha256:9c20134eda881064099264f795d60321777b5e6c2357125a7a2787c9f15db684"},
    {file = "whylogs_sketching-3.4.1.dev3-cp310-cp310-macosx_11_0_arm64.whl", hash = "sha256:e76ac4c2d0214b8de8598867e721f774cca8877267bc2a9b2d0d06950fe76bd5"},
    {file = "whylogs_sketching-3.4.1.dev3-cp310-cp310-manylinux_2_17_aarch64.manylinux2014_aarch64.whl", hash = "sha256:edc2b463d926ccacb7ee2147d206850bb0cbfea8766f091e8c575ada48db1cfd"},
    {file = "whylogs_sketching-3.4.1.dev3-cp310-cp310-manylinux_2_17_x86_64.manylinux2014_x86_64.whl", hash = "sha256:fdc2a3bd73895d1ffac1b3028ff55aaa6b60a9ec42d7b6b5785fa140f303dec0"},
    {file = "whylogs_sketching-3.4.1.dev3-cp310-cp310-musllinux_1_1_x86_64.whl", hash = "sha256:46460eefcf22bcf20b0e6208de32e358478c17b1239221eb038d434f14ec427c"},
    {file = "whylogs_sketching-3.4.1.dev3-cp310-cp310-win_amd64.whl", hash = "sha256:58b99a070429a7119a5727ac61c4e9ebcd6e92eed3d2646931a487fff3d6630e"},
    {file = "whylogs_sketching-3.4.1.dev3-cp311-cp311-macosx_10_9_x86_64.whl", hash = "sha256:531a4af8f707c1e8138a4ae41a117ba53241372bf191666a9e6b44ab6cd9e634"},
    {file = "whylogs_sketching-3.4.1.dev3-cp311-cp311-manylinux_2_17_x86_64.manylinux2014_x86_64.whl", hash = "sha256:0ba536fca5f9578fa34d106c243fdccfef7d75b9d1fffb9d93df0debfe8e3ebc"},
    {file = "whylogs_sketching-3.4.1.dev3-cp311-cp311-musllinux_1_1_x86_64.whl", hash = "sha256:afa843c68cafa08e82624e6a33d13ab7f00ad0301101960872fe152d5af5ab53"},
    {file = "whylogs_sketching-3.4.1.dev3-cp311-cp311-win_amd64.whl", hash = "sha256:303d55c37565340c2d21c268c64a712fad612504cc4b98b1d1df848cac6d934f"},
    {file = "whylogs_sketching-3.4.1.dev3-cp36-cp36m-macosx_10_9_x86_64.whl", hash = "sha256:9d65fcf8dade1affe50181582b8894929993e37d7daa922d973a811790cd0208"},
    {file = "whylogs_sketching-3.4.1.dev3-cp36-cp36m-manylinux_2_17_x86_64.manylinux2014_x86_64.whl", hash = "sha256:c4845e77c208ae64ada9170e1b92ed0abe28fe311c0fc35f9d8efa6926211ca2"},
    {file = "whylogs_sketching-3.4.1.dev3-cp36-cp36m-musllinux_1_1_x86_64.whl", hash = "sha256:02cac1c87ac42d7fc7e6597862ac50bc035825988d21e8a2d763b416e83e845f"},
    {file = "whylogs_sketching-3.4.1.dev3-cp36-cp36m-win_amd64.whl", hash = "sha256:52a174784e69870543fb87910e5549759f01a7f4cb6cac1773b2cc194ec0b72f"},
    {file = "whylogs_sketching-3.4.1.dev3-cp37-cp37m-macosx_10_9_x86_64.whl", hash = "sha256:0931fc7500b78baf8f44222f1e3b58cfb707b0120328bc16cc50beaab5a954ec"},
    {file = "whylogs_sketching-3.4.1.dev3-cp37-cp37m-manylinux_2_17_x86_64.manylinux2014_x86_64.whl", hash = "sha256:803c104338a5c4e1c6eb077d35ca3a4443e455aa4e7f2769c93560bf135cdeb3"},
    {file = "whylogs_sketching-3.4.1.dev3-cp37-cp37m-musllinux_1_1_x86_64.whl", hash = "sha256:49e8f20351077497880b088dff9342f4b54d2d3c650c0b43daf121d97fb42468"},
    {file = "whylogs_sketching-3.4.1.dev3-cp37-cp37m-win_amd64.whl", hash = "sha256:f9f3507b5df34de7a95b75f80009644371dd6406f9d8795e820edf8a594aeacc"},
    {file = "whylogs_sketching-3.4.1.dev3-cp38-cp38-macosx_10_9_x86_64.whl", hash = "sha256:2986dd5b35a93267e6d89e7aa256f714105bbe61bdb0381aeab588c2688e46b6"},
    {file = "whylogs_sketching-3.4.1.dev3-cp38-cp38-macosx_11_0_arm64.whl", hash = "sha256:14f1bf4903e9cd2a196fe5a7268cca1434d423233e073917130d5b845f539c2a"},
    {file = "whylogs_sketching-3.4.1.dev3-cp38-cp38-manylinux_2_17_aarch64.manylinux2014_aarch64.whl", hash = "sha256:2ecfe0e4a629a4cefec9d7c7fac234119688085ba5f62feabed710cb5a322f8b"},
    {file = "whylogs_sketching-3.4.1.dev3-cp38-cp38-manylinux_2_17_x86_64.manylinux2014_x86_64.whl", hash = "sha256:000e2c11b7bbbdefb3a343c15955868a682c02d607557fef7bad5a6ffd09a0cf"},
    {file = "whylogs_sketching-3.4.1.dev3-cp38-cp38-musllinux_1_1_x86_64.whl", hash = "sha256:1e70ed1ed2f9c174a80673ae2ca24c1ec0e2a01c0bd6b0728640492fd5a50178"},
    {file = "whylogs_sketching-3.4.1.dev3-cp38-cp38-win_amd64.whl", hash = "sha256:9efd56d5a21566fc49126ef54d37116078763bb9f8955b9c77421b4ca3fd8fc6"},
    {file = "whylogs_sketching-3.4.1.dev3-cp39-cp39-macosx_10_9_x86_64.whl", hash = "sha256:832247fd9d3ecf13791418a75c359db6c3aeffd51d7372d026e95f307ef286cc"},
    {file = "whylogs_sketching-3.4.1.dev3-cp39-cp39-macosx_11_0_arm64.whl", hash = "sha256:cc81b547e331d96f6f4227280b9b5968ca4bd48dd7cb0c8b68c022037800009f"},
    {file = "whylogs_sketching-3.4.1.dev3-cp39-cp39-manylinux_2_17_aarch64.manylinux2014_aarch64.whl", hash = "sha256:3abf13da4347393a302843c2f06ce4e5fc56fd9c8564f64da13ceafb81eef90b"},
    {file = "whylogs_sketching-3.4.1.dev3-cp39-cp39-manylinux_2_17_x86_64.manylinux2014_x86_64.whl", hash = "sha256:d1d6e7d0ddb66ab725d7af63518ef6a24cd45b075b81e1d2081709df4c989853"},
    {file = "whylogs_sketching-3.4.1.dev3-cp39-cp39-musllinux_1_1_x86_64.whl", hash = "sha256:0b05112e3f70cfccddd2f72e464fa113307d97188891433133d4219b9f8f5456"},
    {file = "whylogs_sketching-3.4.1.dev3-cp39-cp39-win_amd64.whl", hash = "sha256:23759a00dd0e7019fbac06d9e9ab005ad6c14f80ec7935ccebccb7127296bc06"},
]
